// !$*UTF8*$!
{
	archiveVersion = 1;
	classes = {
	};
	objectVersion = 48;
	objects = {

/* Begin PBXBuildFile section */
		74FEB92520AD462800BEEC26 /* AppDelegate.swift in Sources */ = {isa = PBXBuildFile; fileRef = 74FEB92420AD462800BEEC26 /* AppDelegate.swift */; };
		74FEB92A20AD462800BEEC26 /* Main.storyboard in Resources */ = {isa = PBXBuildFile; fileRef = 74FEB92820AD462800BEEC26 /* Main.storyboard */; };
		74FEB92C20AD462800BEEC26 /* Assets.xcassets in Resources */ = {isa = PBXBuildFile; fileRef = 74FEB92B20AD462800BEEC26 /* Assets.xcassets */; };
		74FEB92F20AD462800BEEC26 /* LaunchScreen.storyboard in Resources */ = {isa = PBXBuildFile; fileRef = 74FEB92D20AD462800BEEC26 /* LaunchScreen.storyboard */; };
		74FEB93920AD487400BEEC26 /* FoodDeliveryTableViewController.swift in Sources */ = {isa = PBXBuildFile; fileRef = 74FEB93820AD487400BEEC26 /* FoodDeliveryTableViewController.swift */; };
/* End PBXBuildFile section */

/* Begin PBXFileReference section */
		74FEB92120AD462800BEEC26 /* DITFoodDelivery.app */ = {isa = PBXFileReference; explicitFileType = wrapper.application; includeInIndex = 0; path = DITFoodDelivery.app; sourceTree = BUILT_PRODUCTS_DIR; };
		74FEB92420AD462800BEEC26 /* AppDelegate.swift */ = {isa = PBXFileReference; lastKnownFileType = sourcecode.swift; path = AppDelegate.swift; sourceTree = "<group>"; };
		74FEB92920AD462800BEEC26 /* Base */ = {isa = PBXFileReference; lastKnownFileType = file.storyboard; name = Base; path = Base.lproj/Main.storyboard; sourceTree = "<group>"; };
		74FEB92B20AD462800BEEC26 /* Assets.xcassets */ = {isa = PBXFileReference; lastKnownFileType = folder.assetcatalog; path = Assets.xcassets; sourceTree = "<group>"; };
		74FEB92E20AD462800BEEC26 /* Base */ = {isa = PBXFileReference; lastKnownFileType = file.storyboard; name = Base; path = Base.lproj/LaunchScreen.storyboard; sourceTree = "<group>"; };
		74FEB93020AD462800BEEC26 /* Info.plist */ = {isa = PBXFileReference; lastKnownFileType = text.plist.xml; path = Info.plist; sourceTree = "<group>"; };
		74FEB93820AD487400BEEC26 /* FoodDeliveryTableViewController.swift */ = {isa = PBXFileReference; lastKnownFileType = sourcecode.swift; path = FoodDeliveryTableViewController.swift; sourceTree = "<group>"; };
/* End PBXFileReference section */

/* Begin PBXFrameworksBuildPhase section */
		74FEB91E20AD462800BEEC26 /* Frameworks */ = {
			isa = PBXFrameworksBuildPhase;
			buildActionMask = 2147483647;
			files = (
			);
			runOnlyForDeploymentPostprocessing = 0;
		};
/* End PBXFrameworksBuildPhase section */

/* Begin PBXGroup section */
		74FEB91820AD462800BEEC26 = {
			isa = PBXGroup;
			children = (
				74FEB92320AD462800BEEC26 /* DITFoodDelivery */,
				74FEB92220AD462800BEEC26 /* Products */,
			);
			sourceTree = "<group>";
		};
		74FEB92220AD462800BEEC26 /* Products */ = {
			isa = PBXGroup;
			children = (
				74FEB92120AD462800BEEC26 /* DITFoodDelivery.app */,
			);
			name = Products;
			sourceTree = "<group>";
		};
		74FEB92320AD462800BEEC26 /* DITFoodDelivery */ = {
			isa = PBXGroup;
			children = (
				74FEB92420AD462800BEEC26 /* AppDelegate.swift */,
				74FEB93820AD487400BEEC26 /* FoodDeliveryTableViewController.swift */,
				74FEB92820AD462800BEEC26 /* Main.storyboard */,
				74FEB92B20AD462800BEEC26 /* Assets.xcassets */,
				74FEB92D20AD462800BEEC26 /* LaunchScreen.storyboard */,
				74FEB93020AD462800BEEC26 /* Info.plist */,
			);
			path = DITFoodDelivery;
			sourceTree = "<group>";
		};
/* End PBXGroup section */

/* Begin PBXNativeTarget section */
		74FEB92020AD462800BEEC26 /* DITFoodDelivery */ = {
			isa = PBXNativeTarget;
			buildConfigurationList = 74FEB93320AD462800BEEC26 /* Build configuration list for PBXNativeTarget "DITFoodDelivery" */;
			buildPhases = (
				74FEB91D20AD462800BEEC26 /* Sources */,
				74FEB91E20AD462800BEEC26 /* Frameworks */,
				74FEB91F20AD462800BEEC26 /* Resources */,
			);
			buildRules = (
			);
			dependencies = (
			);
			name = DITFoodDelivery;
			productName = DITFoodDelivery;
			productReference = 74FEB92120AD462800BEEC26 /* DITFoodDelivery.app */;
			productType = "com.apple.product-type.application";
		};
/* End PBXNativeTarget section */

/* Begin PBXProject section */
		74FEB91920AD462800BEEC26 /* Project object */ = {
			isa = PBXProject;
			attributes = {
				LastSwiftUpdateCheck = 0920;
				LastUpgradeCheck = 0920;
				ORGANIZATIONNAME = lse;
				TargetAttributes = {
					74FEB92020AD462800BEEC26 = {
						CreatedOnToolsVersion = 9.2;
						ProvisioningStyle = Automatic;
					};
				};
			};
			buildConfigurationList = 74FEB91C20AD462800BEEC26 /* Build configuration list for PBXProject "DITFoodDelivery" */;
			compatibilityVersion = "Xcode 8.0";
			developmentRegion = en;
			hasScannedForEncodings = 0;
			knownRegions = (
				en,
				Base,
			);
			mainGroup = 74FEB91820AD462800BEEC26;
			productRefGroup = 74FEB92220AD462800BEEC26 /* Products */;
			projectDirPath = "";
			projectRoot = "";
			targets = (
				74FEB92020AD462800BEEC26 /* DITFoodDelivery */,
			);
		};
/* End PBXProject section */

/* Begin PBXResourcesBuildPhase section */
		74FEB91F20AD462800BEEC26 /* Resources */ = {
			isa = PBXResourcesBuildPhase;
			buildActionMask = 2147483647;
			files = (
				74FEB92F20AD462800BEEC26 /* LaunchScreen.storyboard in Resources */,
				74FEB92C20AD462800BEEC26 /* Assets.xcassets in Resources */,
				74FEB92A20AD462800BEEC26 /* Main.storyboard in Resources */,
			);
			runOnlyForDeploymentPostprocessing = 0;
		};
/* End PBXResourcesBuildPhase section */

/* Begin PBXSourcesBuildPhase section */
		74FEB91D20AD462800BEEC26 /* Sources */ = {
			isa = PBXSourcesBuildPhase;
			buildActionMask = 2147483647;
			files = (
				74FEB92520AD462800BEEC26 /* AppDelegate.swift in Sources */,
				74FEB93920AD487400BEEC26 /* FoodDeliveryTableViewController.swift in Sources */,
			);
			runOnlyForDeploymentPostprocessing = 0;
		};
/* End PBXSourcesBuildPhase section */

/* Begin PBXVariantGroup section */
		74FEB92820AD462800BEEC26 /* Main.storyboard */ = {
			isa = PBXVariantGroup;
			children = (
				74FEB92920AD462800BEEC26 /* Base */,
			);
			name = Main.storyboard;
			sourceTree = "<group>";
		};
		74FEB92D20AD462800BEEC26 /* LaunchScreen.storyboard */ = {
			isa = PBXVariantGroup;
			children = (
				74FEB92E20AD462800BEEC26 /* Base */,
			);
			name = LaunchScreen.storyboard;
			sourceTree = "<group>";
		};
/* End PBXVariantGroup section */

/* Begin XCBuildConfiguration section */
		74FEB93120AD462800BEEC26 /* Debug */ = {
			isa = XCBuildConfiguration;
			buildSettings = {
				ALWAYS_SEARCH_USER_PATHS = NO;
				CLANG_ANALYZER_NONNULL = YES;
				CLANG_ANALYZER_NUMBER_OBJECT_CONVERSION = YES_AGGRESSIVE;
				CLANG_CXX_LANGUAGE_STANDARD = "gnu++14";
				CLANG_CXX_LIBRARY = "libc++";
				CLANG_ENABLE_MODULES = YES;
				CLANG_ENABLE_OBJC_ARC = YES;
				CLANG_WARN_BLOCK_CAPTURE_AUTORELEASING = YES;
				CLANG_WARN_BOOL_CONVERSION = YES;
				CLANG_WARN_COMMA = YES;
				CLANG_WARN_CONSTANT_CONVERSION = YES;
				CLANG_WARN_DIRECT_OBJC_ISA_USAGE = YES_ERROR;
				CLANG_WARN_DOCUMENTATION_COMMENTS = YES;
				CLANG_WARN_EMPTY_BODY = YES;
				CLANG_WARN_ENUM_CONVERSION = YES;
				CLANG_WARN_INFINITE_RECURSION = YES;
				CLANG_WARN_INT_CONVERSION = YES;
				CLANG_WARN_NON_LITERAL_NULL_CONVERSION = YES;
				CLANG_WARN_OBJC_LITERAL_CONVERSION = YES;
				CLANG_WARN_OBJC_ROOT_CLASS = YES_ERROR;
				CLANG_WARN_RANGE_LOOP_ANALYSIS = YES;
				CLANG_WARN_STRICT_PROTOTYPES = YES;
				CLANG_WARN_SUSPICIOUS_MOVE = YES;
				CLANG_WARN_UNGUARDED_AVAILABILITY = YES_AGGRESSIVE;
				CLANG_WARN_UNREACHABLE_CODE = YES;
				CLANG_WARN__DUPLICATE_METHOD_MATCH = YES;
				CODE_SIGN_IDENTITY = "iPhone Developer";
				COPY_PHASE_STRIP = NO;
				DEBUG_INFORMATION_FORMAT = dwarf;
				ENABLE_STRICT_OBJC_MSGSEND = YES;
				ENABLE_TESTABILITY = YES;
				GCC_C_LANGUAGE_STANDARD = gnu11;
				GCC_DYNAMIC_NO_PIC = NO;
				GCC_NO_COMMON_BLOCKS = YES;
				GCC_OPTIMIZATION_LEVEL = 0;
				GCC_PREPROCESSOR_DEFINITIONS = (
					"DEBUG=1",
					"$(inherited)",
				);
				GCC_WARN_64_TO_32_BIT_CONVERSION = YES;
				GCC_WARN_ABOUT_RETURN_TYPE = YES_ERROR;
				GCC_WARN_UNDECLARED_SELECTOR = YES;
				GCC_WARN_UNINITIALIZED_AUTOS = YES_AGGRESSIVE;
				GCC_WARN_UNUSED_FUNCTION = YES;
				GCC_WARN_UNUSED_VARIABLE = YES;
				IPHONEOS_DEPLOYMENT_TARGET = 11.2;
				MTL_ENABLE_DEBUG_INFO = YES;
				ONLY_ACTIVE_ARCH = YES;
				SDKROOT = iphoneos;
				SWIFT_ACTIVE_COMPILATION_CONDITIONS = DEBUG;
				SWIFT_OPTIMIZATION_LEVEL = "-Onone";
			};
			name = Debug;
		};
		74FEB93220AD462800BEEC26 /* Release */ = {
			isa = XCBuildConfiguration;
			buildSettings = {
				ALWAYS_SEARCH_USER_PATHS = NO;
				CLANG_ANALYZER_NONNULL = YES;
				CLANG_ANALYZER_NUMBER_OBJECT_CONVERSION = YES_AGGRESSIVE;
				CLANG_CXX_LANGUAGE_STANDARD = "gnu++14";
				CLANG_CXX_LIBRARY = "libc++";
				CLANG_ENABLE_MODULES = YES;
				CLANG_ENABLE_OBJC_ARC = YES;
				CLANG_WARN_BLOCK_CAPTURE_AUTORELEASING = YES;
				CLANG_WARN_BOOL_CONVERSION = YES;
				CLANG_WARN_COMMA = YES;
				CLANG_WARN_CONSTANT_CONVERSION = YES;
				CLANG_WARN_DIRECT_OBJC_ISA_USAGE = YES_ERROR;
				CLANG_WARN_DOCUMENTATION_COMMENTS = YES;
				CLANG_WARN_EMPTY_BODY = YES;
				CLANG_WARN_ENUM_CONVERSION = YES;
				CLANG_WARN_INFINITE_RECURSION = YES;
				CLANG_WARN_INT_CONVERSION = YES;
				CLANG_WARN_NON_LITERAL_NULL_CONVERSION = YES;
				CLANG_WARN_OBJC_LITERAL_CONVERSION = YES;
				CLANG_WARN_OBJC_ROOT_CLASS = YES_ERROR;
				CLANG_WARN_RANGE_LOOP_ANALYSIS = YES;
				CLANG_WARN_STRICT_PROTOTYPES = YES;
				CLANG_WARN_SUSPICIOUS_MOVE = YES;
				CLANG_WARN_UNGUARDED_AVAILABILITY = YES_AGGRESSIVE;
				CLANG_WARN_UNREACHABLE_CODE = YES;
				CLANG_WARN__DUPLICATE_METHOD_MATCH = YES;
				CODE_SIGN_IDENTITY = "iPhone Developer";
				COPY_PHASE_STRIP = NO;
				DEBUG_INFORMATION_FORMAT = "dwarf-with-dsym";
				ENABLE_NS_ASSERTIONS = NO;
				ENABLE_STRICT_OBJC_MSGSEND = YES;
				GCC_C_LANGUAGE_STANDARD = gnu11;
				GCC_NO_COMMON_BLOCKS = YES;
				GCC_WARN_64_TO_32_BIT_CONVERSION = YES;
				GCC_WARN_ABOUT_RETURN_TYPE = YES_ERROR;
				GCC_WARN_UNDECLARED_SELECTOR = YES;
				GCC_WARN_UNINITIALIZED_AUTOS = YES_AGGRESSIVE;
				GCC_WARN_UNUSED_FUNCTION = YES;
				GCC_WARN_UNUSED_VARIABLE = YES;
				IPHONEOS_DEPLOYMENT_TARGET = 11.2;
				MTL_ENABLE_DEBUG_INFO = NO;
				SDKROOT = iphoneos;
				SWIFT_OPTIMIZATION_LEVEL = "-Owholemodule";
				VALIDATE_PRODUCT = YES;
			};
			name = Release;
		};
		74FEB93420AD462800BEEC26 /* Debug */ = {
			isa = XCBuildConfiguration;
			buildSettings = {
				ASSETCATALOG_COMPILER_APPICON_NAME = AppIcon;
				CODE_SIGN_STYLE = Automatic;
				INFOPLIST_FILE = DITFoodDelivery/Info.plist;
				LD_RUNPATH_SEARCH_PATHS = "$(inherited) @executable_path/Frameworks";
				PRODUCT_BUNDLE_IDENTIFIER = lyw.ac.kr.DITFoodDelivery;
				PRODUCT_NAME = "$(TARGET_NAME)";
				SWIFT_VERSION = 4.0;
				TARGETED_DEVICE_FAMILY = "1,2";
			};
			name = Debug;
		};
		74FEB93520AD462800BEEC26 /* Release */ = {
			isa = XCBuildConfiguration;
			buildSettings = {
				ASSETCATALOG_COMPILER_APPICON_NAME = AppIcon;
				CODE_SIGN_STYLE = Automatic;
				INFOPLIST_FILE = DITFoodDelivery/Info.plist;
				LD_RUNPATH_SEARCH_PATHS = "$(inherited) @executable_path/Frameworks";
				PRODUCT_BUNDLE_IDENTIFIER = lyw.ac.kr.DITFoodDelivery;
				PRODUCT_NAME = "$(TARGET_NAME)";
				SWIFT_VERSION = 4.0;
				TARGETED_DEVICE_FAMILY = "1,2";
			};
			name = Release;
		};
/* End XCBuildConfiguration section */

/* Begin XCConfigurationList section */
		74FEB91C20AD462800BEEC26 /* Build configuration list for PBXProject "DITFoodDelivery" */ = {
			isa = XCConfigurationList;
			buildConfigurations = (
				74FEB93120AD462800BEEC26 /* Debug */,
				74FEB93220AD462800BEEC26 /* Release */,
			);
			defaultConfigurationIsVisible = 0;
			defaultConfigurationName = Release;
		};
		74FEB93320AD462800BEEC26 /* Build configuration list for PBXNativeTarget "DITFoodDelivery" */ = {
			isa = XCConfigurationList;
			buildConfigurations = (
				74FEB93420AD462800BEEC26 /* Debug */,
				74FEB93520AD462800BEEC26 /* Release */,
			);
			defaultConfigurationIsVisible = 0;
			defaultConfigurationName = Release;
		};
/* End XCConfigurationList section */
	};
	rootObject = 74FEB91920AD462800BEEC26 /* Project object */;
}
